
Microsoft Visual Studio Solution File, Format Version 12.00
# Visual Studio Version 17
VisualStudioVersion = 17.0.31903.59
MinimumVisualStudioVersion = 10.0.40219.1
Project("{2150E333-8FDC-42A3-9474-1A3956D46DE8}") = "samples", "samples", "{5D20AA90-6969-D8BD-9DCD-8634F4692FDA}"
EndProject
Project("{2150E333-8FDC-42A3-9474-1A3956D46DE8}") = "src", "src", "{827E0CD3-B72D-47B6-A68D-7590B98EB39B}"
EndProject
Project("{FAE04EC0-301F-11D3-BF4B-00C04F79EFBC}") = "Invalid8.Core", "src\Invalid8.Core\Invalid8.Core.csproj", "{535FB87B-FD0D-49E0-A12B-CAF3303D4840}"
EndProject
Project("{FAE04EC0-301F-11D3-BF4B-00C04F79EFBC}") = "Invalid8.InMemory", "src\Invalid8.InMemory\Invalid8.InMemory.csproj", "{D05980B1-912D-42AA-B8E7-089D516E6493}"
EndProject
Project("{FAE04EC0-301F-11D3-BF4B-00C04F79EFBC}") = "Invalid8.Kafka", "src\Invalid8.Kafka\Invalid8.Kafka.csproj", "{600482DE-C570-4C1D-B54C-9CFBCEC500D0}"
EndProject
Project("{FAE04EC0-301F-11D3-BF4B-00C04F79EFBC}") = "Invalid8.Redis", "src\Invalid8.Redis\Invalid8.Redis.csproj", "{BE69E01C-0930-428A-92B4-B44EB294D7A7}"
EndProject
Project("{2150E333-8FDC-42A3-9474-1A3956D46DE8}") = "tests", "tests", "{0AB3BF05-4346-4AA6-1389-037BE0695223}"
EndProject
Project("{FAE04EC0-301F-11D3-BF4B-00C04F79EFBC}") = "Invalid8.Core.Tests", "tests\Invalid8.Core.Tests\Invalid8.Core.Tests.csproj", "{8AE16E86-311F-4118-990D-176B8A6BBC70}"
EndProject
Project("{FAE04EC0-301F-11D3-BF4B-00C04F79EFBC}") = "Invalid8.IntegrationTests", "tests\Invalid8.IntegrationTests\Invalid8.IntegrationTests.csproj", "{62E95E8A-E049-422D-BBDF-D9DEBBEBA7AF}"
EndProject
Project("{FAE04EC0-301F-11D3-BF4B-00C04F79EFBC}") = "Invalid8.Tests", "tests\Invalid8.Tests\Invalid8.Tests.csproj", "{A130D61E-2C9F-4BED-85C9-485A3501C042}"
EndProject
Project("{FAE04EC0-301F-11D3-BF4B-00C04F79EFBC}") = "Invalid8.MediatR", "src\Invalid8.MediatR\Invalid8.MediatR.csproj", "{24697926-F065-EFCA-DD72-499374B3CF96}"
EndProject
Project("{FAE04EC0-301F-11D3-BF4B-00C04F79EFBC}") = "Invalid8.Samples.WebApi", "src\samples\Invalid8.Samples.WebApi\Invalid8.Samples.WebApi.csproj", "{8FB891EA-2946-4780-B1E5-20A4B7ED34FA}"
EndProject
Project("{FAE04EC0-301F-11D3-BF4B-00C04F79EFBC}") = "Invalid8.SignalR", "src\Invalid8.SignalR\Invalid8.SignalR.csproj", "{B7D9D80B-E010-4EF4-BDC3-D2AFB1E64944}"
EndProject
Global
	GlobalSection(SolutionConfigurationPlatforms) = preSolution
		Debug|Any CPU = Debug|Any CPU
		Debug|x64 = Debug|x64
		Debug|x86 = Debug|x86
		Release|Any CPU = Release|Any CPU
		Release|x64 = Release|x64
		Release|x86 = Release|x86
	EndGlobalSection
	GlobalSection(ProjectConfigurationPlatforms) = postSolution
		{535FB87B-FD0D-49E0-A12B-CAF3303D4840}.Debug|Any CPU.ActiveCfg = Debug|Any CPU
		{535FB87B-FD0D-49E0-A12B-CAF3303D4840}.Debug|Any CPU.Build.0 = Debug|Any CPU
		{535FB87B-FD0D-49E0-A12B-CAF3303D4840}.Debug|x64.ActiveCfg = Debug|Any CPU
		{535FB87B-FD0D-49E0-A12B-CAF3303D4840}.Debug|x64.Build.0 = Debug|Any CPU
		{535FB87B-FD0D-49E0-A12B-CAF3303D4840}.Debug|x86.ActiveCfg = Debug|Any CPU
		{535FB87B-FD0D-49E0-A12B-CAF3303D4840}.Debug|x86.Build.0 = Debug|Any CPU
		{535FB87B-FD0D-49E0-A12B-CAF3303D4840}.Release|Any CPU.ActiveCfg = Release|Any CPU
		{535FB87B-FD0D-49E0-A12B-CAF3303D4840}.Release|Any CPU.Build.0 = Release|Any CPU
		{535FB87B-FD0D-49E0-A12B-CAF3303D4840}.Release|x64.ActiveCfg = Release|Any CPU
		{535FB87B-FD0D-49E0-A12B-CAF3303D4840}.Release|x64.Build.0 = Release|Any CPU
		{535FB87B-FD0D-49E0-A12B-CAF3303D4840}.Release|x86.ActiveCfg = Release|Any CPU
		{535FB87B-FD0D-49E0-A12B-CAF3303D4840}.Release|x86.Build.0 = Release|Any CPU
		{D05980B1-912D-42AA-B8E7-089D516E6493}.Debug|Any CPU.ActiveCfg = Debug|Any CPU
		{D05980B1-912D-42AA-B8E7-089D516E6493}.Debug|Any CPU.Build.0 = Debug|Any CPU
		{D05980B1-912D-42AA-B8E7-089D516E6493}.Debug|x64.ActiveCfg = Debug|Any CPU
		{D05980B1-912D-42AA-B8E7-089D516E6493}.Debug|x64.Build.0 = Debug|Any CPU
		{D05980B1-912D-42AA-B8E7-089D516E6493}.Debug|x86.ActiveCfg = Debug|Any CPU
		{D05980B1-912D-42AA-B8E7-089D516E6493}.Debug|x86.Build.0 = Debug|Any CPU
		{D05980B1-912D-42AA-B8E7-089D516E6493}.Release|Any CPU.ActiveCfg = Release|Any CPU
		{D05980B1-912D-42AA-B8E7-089D516E6493}.Release|Any CPU.Build.0 = Release|Any CPU
		{D05980B1-912D-42AA-B8E7-089D516E6493}.Release|x64.ActiveCfg = Release|Any CPU
		{D05980B1-912D-42AA-B8E7-089D516E6493}.Release|x64.Build.0 = Release|Any CPU
		{D05980B1-912D-42AA-B8E7-089D516E6493}.Release|x86.ActiveCfg = Release|Any CPU
		{D05980B1-912D-42AA-B8E7-089D516E6493}.Release|x86.Build.0 = Release|Any CPU
		{600482DE-C570-4C1D-B54C-9CFBCEC500D0}.Debug|Any CPU.ActiveCfg = Debug|Any CPU
		{600482DE-C570-4C1D-B54C-9CFBCEC500D0}.Debug|Any CPU.Build.0 = Debug|Any CPU
		{600482DE-C570-4C1D-B54C-9CFBCEC500D0}.Debug|x64.ActiveCfg = Debug|Any CPU
		{600482DE-C570-4C1D-B54C-9CFBCEC500D0}.Debug|x64.Build.0 = Debug|Any CPU
		{600482DE-C570-4C1D-B54C-9CFBCEC500D0}.Debug|x86.ActiveCfg = Debug|Any CPU
		{600482DE-C570-4C1D-B54C-9CFBCEC500D0}.Debug|x86.Build.0 = Debug|Any CPU
		{600482DE-C570-4C1D-B54C-9CFBCEC500D0}.Release|Any CPU.ActiveCfg = Release|Any CPU
		{600482DE-C570-4C1D-B54C-9CFBCEC500D0}.Release|Any CPU.Build.0 = Release|Any CPU
		{600482DE-C570-4C1D-B54C-9CFBCEC500D0}.Release|x64.ActiveCfg = Release|Any CPU
		{600482DE-C570-4C1D-B54C-9CFBCEC500D0}.Release|x64.Build.0 = Release|Any CPU
		{600482DE-C570-4C1D-B54C-9CFBCEC500D0}.Release|x86.ActiveCfg = Release|Any CPU
		{600482DE-C570-4C1D-B54C-9CFBCEC500D0}.Release|x86.Build.0 = Release|Any CPU
		{BE69E01C-0930-428A-92B4-B44EB294D7A7}.Debug|Any CPU.ActiveCfg = Debug|Any CPU
		{BE69E01C-0930-428A-92B4-B44EB294D7A7}.Debug|Any CPU.Build.0 = Debug|Any CPU
		{BE69E01C-0930-428A-92B4-B44EB294D7A7}.Debug|x64.ActiveCfg = Debug|Any CPU
		{BE69E01C-0930-428A-92B4-B44EB294D7A7}.Debug|x64.Build.0 = Debug|Any CPU
		{BE69E01C-0930-428A-92B4-B44EB294D7A7}.Debug|x86.ActiveCfg = Debug|Any CPU
		{BE69E01C-0930-428A-92B4-B44EB294D7A7}.Debug|x86.Build.0 = Debug|Any CPU
		{BE69E01C-0930-428A-92B4-B44EB294D7A7}.Release|Any CPU.ActiveCfg = Release|Any CPU
		{BE69E01C-0930-428A-92B4-B44EB294D7A7}.Release|Any CPU.Build.0 = Release|Any CPU
		{BE69E01C-0930-428A-92B4-B44EB294D7A7}.Release|x64.ActiveCfg = Release|Any CPU
		{BE69E01C-0930-428A-92B4-B44EB294D7A7}.Release|x64.Build.0 = Release|Any CPU
		{BE69E01C-0930-428A-92B4-B44EB294D7A7}.Release|x86.ActiveCfg = Release|Any CPU
		{BE69E01C-0930-428A-92B4-B44EB294D7A7}.Release|x86.Build.0 = Release|Any CPU
		{8AE16E86-311F-4118-990D-176B8A6BBC70}.Debug|Any CPU.ActiveCfg = Debug|Any CPU
		{8AE16E86-311F-4118-990D-176B8A6BBC70}.Debug|Any CPU.Build.0 = Debug|Any CPU
		{8AE16E86-311F-4118-990D-176B8A6BBC70}.Debug|x64.ActiveCfg = Debug|Any CPU
		{8AE16E86-311F-4118-990D-176B8A6BBC70}.Debug|x64.Build.0 = Debug|Any CPU
		{8AE16E86-311F-4118-990D-176B8A6BBC70}.Debug|x86.ActiveCfg = Debug|Any CPU
		{8AE16E86-311F-4118-990D-176B8A6BBC70}.Debug|x86.Build.0 = Debug|Any CPU
		{8AE16E86-311F-4118-990D-176B8A6BBC70}.Release|Any CPU.ActiveCfg = Release|Any CPU
		{8AE16E86-311F-4118-990D-176B8A6BBC70}.Release|Any CPU.Build.0 = Release|Any CPU
		{8AE16E86-311F-4118-990D-176B8A6BBC70}.Release|x64.ActiveCfg = Release|Any CPU
		{8AE16E86-311F-4118-990D-176B8A6BBC70}.Release|x64.Build.0 = Release|Any CPU
		{8AE16E86-311F-4118-990D-176B8A6BBC70}.Release|x86.ActiveCfg = Release|Any CPU
		{8AE16E86-311F-4118-990D-176B8A6BBC70}.Release|x86.Build.0 = Release|Any CPU
		{62E95E8A-E049-422D-BBDF-D9DEBBEBA7AF}.Debug|Any CPU.ActiveCfg = Debug|Any CPU
		{62E95E8A-E049-422D-BBDF-D9DEBBEBA7AF}.Debug|Any CPU.Build.0 = Debug|Any CPU
		{62E95E8A-E049-422D-BBDF-D9DEBBEBA7AF}.Debug|x64.ActiveCfg = Debug|Any CPU
		{62E95E8A-E049-422D-BBDF-D9DEBBEBA7AF}.Debug|x64.Build.0 = Debug|Any CPU
		{62E95E8A-E049-422D-BBDF-D9DEBBEBA7AF}.Debug|x86.ActiveCfg = Debug|Any CPU
		{62E95E8A-E049-422D-BBDF-D9DEBBEBA7AF}.Debug|x86.Build.0 = Debug|Any CPU
		{62E95E8A-E049-422D-BBDF-D9DEBBEBA7AF}.Release|Any CPU.ActiveCfg = Release|Any CPU
		{62E95E8A-E049-422D-BBDF-D9DEBBEBA7AF}.Release|Any CPU.Build.0 = Release|Any CPU
		{62E95E8A-E049-422D-BBDF-D9DEBBEBA7AF}.Release|x64.ActiveCfg = Release|Any CPU
		{62E95E8A-E049-422D-BBDF-D9DEBBEBA7AF}.Release|x64.Build.0 = Release|Any CPU
		{62E95E8A-E049-422D-BBDF-D9DEBBEBA7AF}.Release|x86.ActiveCfg = Release|Any CPU
		{62E95E8A-E049-422D-BBDF-D9DEBBEBA7AF}.Release|x86.Build.0 = Release|Any CPU
		{A130D61E-2C9F-4BED-85C9-485A3501C042}.Debug|Any CPU.ActiveCfg = Debug|Any CPU
		{A130D61E-2C9F-4BED-85C9-485A3501C042}.Debug|Any CPU.Build.0 = Debug|Any CPU
		{A130D61E-2C9F-4BED-85C9-485A3501C042}.Debug|x64.ActiveCfg = Debug|Any CPU
		{A130D61E-2C9F-4BED-85C9-485A3501C042}.Debug|x64.Build.0 = Debug|Any CPU
		{A130D61E-2C9F-4BED-85C9-485A3501C042}.Debug|x86.ActiveCfg = Debug|Any CPU
		{A130D61E-2C9F-4BED-85C9-485A3501C042}.Debug|x86.Build.0 = Debug|Any CPU
		{A130D61E-2C9F-4BED-85C9-485A3501C042}.Release|Any CPU.ActiveCfg = Release|Any CPU
		{A130D61E-2C9F-4BED-85C9-485A3501C042}.Release|Any CPU.Build.0 = Release|Any CPU
		{A130D61E-2C9F-4BED-85C9-485A3501C042}.Release|x64.ActiveCfg = Release|Any CPU
		{A130D61E-2C9F-4BED-85C9-485A3501C042}.Release|x64.Build.0 = Release|Any CPU
		{A130D61E-2C9F-4BED-85C9-485A3501C042}.Release|x86.ActiveCfg = Release|Any CPU
		{A130D61E-2C9F-4BED-85C9-485A3501C042}.Release|x86.Build.0 = Release|Any CPU
		{24697926-F065-EFCA-DD72-499374B3CF96}.Debug|Any CPU.ActiveCfg = Debug|Any CPU
		{24697926-F065-EFCA-DD72-499374B3CF96}.Debug|Any CPU.Build.0 = Debug|Any CPU
		{24697926-F065-EFCA-DD72-499374B3CF96}.Debug|x64.ActiveCfg = Debug|Any CPU
		{24697926-F065-EFCA-DD72-499374B3CF96}.Debug|x64.Build.0 = Debug|Any CPU
		{24697926-F065-EFCA-DD72-499374B3CF96}.Debug|x86.ActiveCfg = Debug|Any CPU
		{24697926-F065-EFCA-DD72-499374B3CF96}.Debug|x86.Build.0 = Debug|Any CPU
		{24697926-F065-EFCA-DD72-499374B3CF96}.Release|Any CPU.ActiveCfg = Release|Any CPU
		{24697926-F065-EFCA-DD72-499374B3CF96}.Release|Any CPU.Build.0 = Release|Any CPU
		{24697926-F065-EFCA-DD72-499374B3CF96}.Release|x64.ActiveCfg = Release|Any CPU
		{24697926-F065-EFCA-DD72-499374B3CF96}.Release|x64.Build.0 = Release|Any CPU
		{24697926-F065-EFCA-DD72-499374B3CF96}.Release|x86.ActiveCfg = Release|Any CPU
		{24697926-F065-EFCA-DD72-499374B3CF96}.Release|x86.Build.0 = Release|Any CPU
		{8FB891EA-2946-4780-B1E5-20A4B7ED34FA}.Debug|Any CPU.ActiveCfg = Debug|Any CPU
		{8FB891EA-2946-4780-B1E5-20A4B7ED34FA}.Debug|Any CPU.Build.0 = Debug|Any CPU
		{8FB891EA-2946-4780-B1E5-20A4B7ED34FA}.Debug|x64.ActiveCfg = Debug|Any CPU
		{8FB891EA-2946-4780-B1E5-20A4B7ED34FA}.Debug|x64.Build.0 = Debug|Any CPU
		{8FB891EA-2946-4780-B1E5-20A4B7ED34FA}.Debug|x86.ActiveCfg = Debug|Any CPU
		{8FB891EA-2946-4780-B1E5-20A4B7ED34FA}.Debug|x86.Build.0 = Debug|Any CPU
		{8FB891EA-2946-4780-B1E5-20A4B7ED34FA}.Release|Any CPU.ActiveCfg = Release|Any CPU
		{8FB891EA-2946-4780-B1E5-20A4B7ED34FA}.Release|Any CPU.Build.0 = Release|Any CPU
		{8FB891EA-2946-4780-B1E5-20A4B7ED34FA}.Release|x64.ActiveCfg = Release|Any CPU
		{8FB891EA-2946-4780-B1E5-20A4B7ED34FA}.Release|x64.Build.0 = Release|Any CPU
		{8FB891EA-2946-4780-B1E5-20A4B7ED34FA}.Release|x86.ActiveCfg = Release|Any CPU
		{8FB891EA-2946-4780-B1E5-20A4B7ED34FA}.Release|x86.Build.0 = Release|Any CPU
		{B7D9D80B-E010-4EF4-BDC3-D2AFB1E64944}.Debug|Any CPU.ActiveCfg = Debug|Any CPU
		{B7D9D80B-E010-4EF4-BDC3-D2AFB1E64944}.Debug|Any CPU.Build.0 = Debug|Any CPU
		{B7D9D80B-E010-4EF4-BDC3-D2AFB1E64944}.Debug|x64.ActiveCfg = Debug|Any CPU
		{B7D9D80B-E010-4EF4-BDC3-D2AFB1E64944}.Debug|x64.Build.0 = Debug|Any CPU
		{B7D9D80B-E010-4EF4-BDC3-D2AFB1E64944}.Debug|x86.ActiveCfg = Debug|Any CPU
		{B7D9D80B-E010-4EF4-BDC3-D2AFB1E64944}.Debug|x86.Build.0 = Debug|Any CPU
		{B7D9D80B-E010-4EF4-BDC3-D2AFB1E64944}.Release|Any CPU.ActiveCfg = Release|Any CPU
		{B7D9D80B-E010-4EF4-BDC3-D2AFB1E64944}.Release|Any CPU.Build.0 = Release|Any CPU
		{B7D9D80B-E010-4EF4-BDC3-D2AFB1E64944}.Release|x64.ActiveCfg = Release|Any CPU
		{B7D9D80B-E010-4EF4-BDC3-D2AFB1E64944}.Release|x64.Build.0 = Release|Any CPU
		{B7D9D80B-E010-4EF4-BDC3-D2AFB1E64944}.Release|x86.ActiveCfg = Release|Any CPU
		{B7D9D80B-E010-4EF4-BDC3-D2AFB1E64944}.Release|x86.Build.0 = Release|Any CPU
	EndGlobalSection
	GlobalSection(SolutionProperties) = preSolution
		HideSolutionNode = FALSE
	EndGlobalSection
	GlobalSection(NestedProjects) = preSolution
		{535FB87B-FD0D-49E0-A12B-CAF3303D4840} = {827E0CD3-B72D-47B6-A68D-7590B98EB39B}
		{D05980B1-912D-42AA-B8E7-089D516E6493} = {827E0CD3-B72D-47B6-A68D-7590B98EB39B}
		{600482DE-C570-4C1D-B54C-9CFBCEC500D0} = {827E0CD3-B72D-47B6-A68D-7590B98EB39B}
		{BE69E01C-0930-428A-92B4-B44EB294D7A7} = {827E0CD3-B72D-47B6-A68D-7590B98EB39B}
		{8AE16E86-311F-4118-990D-176B8A6BBC70} = {0AB3BF05-4346-4AA6-1389-037BE0695223}
		{62E95E8A-E049-422D-BBDF-D9DEBBEBA7AF} = {0AB3BF05-4346-4AA6-1389-037BE0695223}
		{A130D61E-2C9F-4BED-85C9-485A3501C042} = {0AB3BF05-4346-4AA6-1389-037BE0695223}
		{24697926-F065-EFCA-DD72-499374B3CF96} = {827E0CD3-B72D-47B6-A68D-7590B98EB39B}
		{8FB891EA-2946-4780-B1E5-20A4B7ED34FA} = {5D20AA90-6969-D8BD-9DCD-8634F4692FDA}
		{B7D9D80B-E010-4EF4-BDC3-D2AFB1E64944} = {827E0CD3-B72D-47B6-A68D-7590B98EB39B}
	EndGlobalSection
	GlobalSection(ExtensibilityGlobals) = postSolution
		SolutionGuid = {084CC652-0328-4BB8-9DEB-3FD2C8CCD1AA}
	EndGlobalSection
EndGlobal
