
Microsoft Visual Studio Solution File, Format Version 12.00
# Visual Studio Version 17
VisualStudioVersion = 17.0.31903.59
MinimumVisualStudioVersion = 10.0.40219.1
Project("{2150E333-8FDC-42A3-9474-1A3956D46DE8}") = "samples", "samples", "{5D20AA90-6969-D8BD-9DCD-8634F4692FDA}"
EndProject
Project("{2150E333-8FDC-42A3-9474-1A3956D46DE8}") = "src", "src", "{827E0CD3-B72D-47B6-A68D-7590B98EB39B}"
EndProject
Project("{FAE04EC0-301F-11D3-BF4B-00C04F79EFBC}") = "Invalid8.Core", "src\Invalid8.Core\Invalid8.Core.csproj", "{535FB87B-FD0D-49E0-A12B-CAF3303D4840}"
EndProject
Project("{2150E333-8FDC-42A3-9474-1A3956D46DE8}") = "tests", "tests", "{0AB3BF05-4346-4AA6-1389-037BE0695223}"
EndProject
Project("{FAE04EC0-301F-11D3-BF4B-00C04F79EFBC}") = "Invalid8.Core.Tests", "tests\Invalid8.Core.Tests\Invalid8.Core.Tests.csproj", "{8AE16E86-311F-4118-990D-176B8A6BBC70}"
EndProject
Project("{FAE04EC0-301F-11D3-BF4B-00C04F79EFBC}") = "Invalid8.IntegrationTests", "tests\Invalid8.IntegrationTests\Invalid8.IntegrationTests.csproj", "{62E95E8A-E049-422D-BBDF-D9DEBBEBA7AF}"
EndProject
Project("{FAE04EC0-301F-11D3-BF4B-00C04F79EFBC}") = "Invalid8.Tests", "tests\Invalid8.Tests\Invalid8.Tests.csproj", "{A130D61E-2C9F-4BED-85C9-485A3501C042}"
EndProject
Project("{FAE04EC0-301F-11D3-BF4B-00C04F79EFBC}") = "Invalid8", "src\Invalid8\Invalid8.csproj", "{F8E0610F-2385-479E-8E48-7F897B0F1B7A}"
EndProject
Project("{FAE04EC0-301F-11D3-BF4B-00C04F79EFBC}") = "Invalid8.Providers.Base", "src\Invalid8.Providers.Base\Invalid8.Providers.Base.csproj", "{855F277B-1220-405E-8829-B44A3DE603B1}"
EndProject
Project("{2150E333-8FDC-42A3-9474-1A3956D46DE8}") = "Providers", "Providers", "{6E045CCE-453A-4BD3-94D8-45A6995969F8}"
EndProject
Project("{FAE04EC0-301F-11D3-BF4B-00C04F79EFBC}") = "Invalid8.Providers.Cache.Redis", "src\Invalid8.Providers.Cache.Redis\Invalid8.Providers.Cache.Redis.csproj", "{75B8DE3B-648F-499C-AB65-1AE8B203FCD5}"
EndProject
Project("{2150E333-8FDC-42A3-9474-1A3956D46DE8}") = "Solution Items", "Solution Items", "{02FB2B56-12AE-441F-989A-B4934B2DC583}"
	ProjectSection(SolutionItems) = preProject
		compose.yaml = compose.yaml
	EndProjectSection
EndProject
Project("{FAE04EC0-301F-11D3-BF4B-00C04F79EFBC}") = "Invalid8.Samples.WebApi", "samples\Invalid8.Samples.WebApi\Invalid8.Samples.WebApi.csproj", "{15AF3CED-1469-43E7-B51A-AA3C598CA3AA}"
EndProject
Global
	GlobalSection(SolutionConfigurationPlatforms) = preSolution
		Debug|Any CPU = Debug|Any CPU
		Debug|x64 = Debug|x64
		Debug|x86 = Debug|x86
		Release|Any CPU = Release|Any CPU
		Release|x64 = Release|x64
		Release|x86 = Release|x86
	EndGlobalSection
	GlobalSection(ProjectConfigurationPlatforms) = postSolution
		{535FB87B-FD0D-49E0-A12B-CAF3303D4840}.Debug|Any CPU.ActiveCfg = Debug|Any CPU
		{535FB87B-FD0D-49E0-A12B-CAF3303D4840}.Debug|Any CPU.Build.0 = Debug|Any CPU
		{535FB87B-FD0D-49E0-A12B-CAF3303D4840}.Debug|x64.ActiveCfg = Debug|Any CPU
		{535FB87B-FD0D-49E0-A12B-CAF3303D4840}.Debug|x64.Build.0 = Debug|Any CPU
		{535FB87B-FD0D-49E0-A12B-CAF3303D4840}.Debug|x86.ActiveCfg = Debug|Any CPU
		{535FB87B-FD0D-49E0-A12B-CAF3303D4840}.Debug|x86.Build.0 = Debug|Any CPU
		{535FB87B-FD0D-49E0-A12B-CAF3303D4840}.Release|Any CPU.ActiveCfg = Release|Any CPU
		{535FB87B-FD0D-49E0-A12B-CAF3303D4840}.Release|Any CPU.Build.0 = Release|Any CPU
		{535FB87B-FD0D-49E0-A12B-CAF3303D4840}.Release|x64.ActiveCfg = Release|Any CPU
		{535FB87B-FD0D-49E0-A12B-CAF3303D4840}.Release|x64.Build.0 = Release|Any CPU
		{535FB87B-FD0D-49E0-A12B-CAF3303D4840}.Release|x86.ActiveCfg = Release|Any CPU
		{535FB87B-FD0D-49E0-A12B-CAF3303D4840}.Release|x86.Build.0 = Release|Any CPU
		{8AE16E86-311F-4118-990D-176B8A6BBC70}.Debug|Any CPU.ActiveCfg = Debug|Any CPU
		{8AE16E86-311F-4118-990D-176B8A6BBC70}.Debug|Any CPU.Build.0 = Debug|Any CPU
		{8AE16E86-311F-4118-990D-176B8A6BBC70}.Debug|x64.ActiveCfg = Debug|Any CPU
		{8AE16E86-311F-4118-990D-176B8A6BBC70}.Debug|x64.Build.0 = Debug|Any CPU
		{8AE16E86-311F-4118-990D-176B8A6BBC70}.Debug|x86.ActiveCfg = Debug|Any CPU
		{8AE16E86-311F-4118-990D-176B8A6BBC70}.Debug|x86.Build.0 = Debug|Any CPU
		{8AE16E86-311F-4118-990D-176B8A6BBC70}.Release|Any CPU.ActiveCfg = Release|Any CPU
		{8AE16E86-311F-4118-990D-176B8A6BBC70}.Release|Any CPU.Build.0 = Release|Any CPU
		{8AE16E86-311F-4118-990D-176B8A6BBC70}.Release|x64.ActiveCfg = Release|Any CPU
		{8AE16E86-311F-4118-990D-176B8A6BBC70}.Release|x64.Build.0 = Release|Any CPU
		{8AE16E86-311F-4118-990D-176B8A6BBC70}.Release|x86.ActiveCfg = Release|Any CPU
		{8AE16E86-311F-4118-990D-176B8A6BBC70}.Release|x86.Build.0 = Release|Any CPU
		{62E95E8A-E049-422D-BBDF-D9DEBBEBA7AF}.Debug|Any CPU.ActiveCfg = Debug|Any CPU
		{62E95E8A-E049-422D-BBDF-D9DEBBEBA7AF}.Debug|Any CPU.Build.0 = Debug|Any CPU
		{62E95E8A-E049-422D-BBDF-D9DEBBEBA7AF}.Debug|x64.ActiveCfg = Debug|Any CPU
		{62E95E8A-E049-422D-BBDF-D9DEBBEBA7AF}.Debug|x64.Build.0 = Debug|Any CPU
		{62E95E8A-E049-422D-BBDF-D9DEBBEBA7AF}.Debug|x86.ActiveCfg = Debug|Any CPU
		{62E95E8A-E049-422D-BBDF-D9DEBBEBA7AF}.Debug|x86.Build.0 = Debug|Any CPU
		{62E95E8A-E049-422D-BBDF-D9DEBBEBA7AF}.Release|Any CPU.ActiveCfg = Release|Any CPU
		{62E95E8A-E049-422D-BBDF-D9DEBBEBA7AF}.Release|Any CPU.Build.0 = Release|Any CPU
		{62E95E8A-E049-422D-BBDF-D9DEBBEBA7AF}.Release|x64.ActiveCfg = Release|Any CPU
		{62E95E8A-E049-422D-BBDF-D9DEBBEBA7AF}.Release|x64.Build.0 = Release|Any CPU
		{62E95E8A-E049-422D-BBDF-D9DEBBEBA7AF}.Release|x86.ActiveCfg = Release|Any CPU
		{62E95E8A-E049-422D-BBDF-D9DEBBEBA7AF}.Release|x86.Build.0 = Release|Any CPU
		{A130D61E-2C9F-4BED-85C9-485A3501C042}.Debug|Any CPU.ActiveCfg = Debug|Any CPU
		{A130D61E-2C9F-4BED-85C9-485A3501C042}.Debug|Any CPU.Build.0 = Debug|Any CPU
		{A130D61E-2C9F-4BED-85C9-485A3501C042}.Debug|x64.ActiveCfg = Debug|Any CPU
		{A130D61E-2C9F-4BED-85C9-485A3501C042}.Debug|x64.Build.0 = Debug|Any CPU
		{A130D61E-2C9F-4BED-85C9-485A3501C042}.Debug|x86.ActiveCfg = Debug|Any CPU
		{A130D61E-2C9F-4BED-85C9-485A3501C042}.Debug|x86.Build.0 = Debug|Any CPU
		{A130D61E-2C9F-4BED-85C9-485A3501C042}.Release|Any CPU.ActiveCfg = Release|Any CPU
		{A130D61E-2C9F-4BED-85C9-485A3501C042}.Release|Any CPU.Build.0 = Release|Any CPU
		{A130D61E-2C9F-4BED-85C9-485A3501C042}.Release|x64.ActiveCfg = Release|Any CPU
		{A130D61E-2C9F-4BED-85C9-485A3501C042}.Release|x64.Build.0 = Release|Any CPU
		{A130D61E-2C9F-4BED-85C9-485A3501C042}.Release|x86.ActiveCfg = Release|Any CPU
		{A130D61E-2C9F-4BED-85C9-485A3501C042}.Release|x86.Build.0 = Release|Any CPU
		{F8E0610F-2385-479E-8E48-7F897B0F1B7A}.Debug|Any CPU.ActiveCfg = Debug|Any CPU
		{F8E0610F-2385-479E-8E48-7F897B0F1B7A}.Debug|Any CPU.Build.0 = Debug|Any CPU
		{F8E0610F-2385-479E-8E48-7F897B0F1B7A}.Debug|x64.ActiveCfg = Debug|Any CPU
		{F8E0610F-2385-479E-8E48-7F897B0F1B7A}.Debug|x64.Build.0 = Debug|Any CPU
		{F8E0610F-2385-479E-8E48-7F897B0F1B7A}.Debug|x86.ActiveCfg = Debug|Any CPU
		{F8E0610F-2385-479E-8E48-7F897B0F1B7A}.Debug|x86.Build.0 = Debug|Any CPU
		{F8E0610F-2385-479E-8E48-7F897B0F1B7A}.Release|Any CPU.ActiveCfg = Release|Any CPU
		{F8E0610F-2385-479E-8E48-7F897B0F1B7A}.Release|Any CPU.Build.0 = Release|Any CPU
		{F8E0610F-2385-479E-8E48-7F897B0F1B7A}.Release|x64.ActiveCfg = Release|Any CPU
		{F8E0610F-2385-479E-8E48-7F897B0F1B7A}.Release|x64.Build.0 = Release|Any CPU
		{F8E0610F-2385-479E-8E48-7F897B0F1B7A}.Release|x86.ActiveCfg = Release|Any CPU
		{F8E0610F-2385-479E-8E48-7F897B0F1B7A}.Release|x86.Build.0 = Release|Any CPU
		{855F277B-1220-405E-8829-B44A3DE603B1}.Debug|Any CPU.ActiveCfg = Debug|Any CPU
		{855F277B-1220-405E-8829-B44A3DE603B1}.Debug|Any CPU.Build.0 = Debug|Any CPU
		{855F277B-1220-405E-8829-B44A3DE603B1}.Debug|x64.ActiveCfg = Debug|Any CPU
		{855F277B-1220-405E-8829-B44A3DE603B1}.Debug|x64.Build.0 = Debug|Any CPU
		{855F277B-1220-405E-8829-B44A3DE603B1}.Debug|x86.ActiveCfg = Debug|Any CPU
		{855F277B-1220-405E-8829-B44A3DE603B1}.Debug|x86.Build.0 = Debug|Any CPU
		{855F277B-1220-405E-8829-B44A3DE603B1}.Release|Any CPU.ActiveCfg = Release|Any CPU
		{855F277B-1220-405E-8829-B44A3DE603B1}.Release|Any CPU.Build.0 = Release|Any CPU
		{855F277B-1220-405E-8829-B44A3DE603B1}.Release|x64.ActiveCfg = Release|Any CPU
		{855F277B-1220-405E-8829-B44A3DE603B1}.Release|x64.Build.0 = Release|Any CPU
		{855F277B-1220-405E-8829-B44A3DE603B1}.Release|x86.ActiveCfg = Release|Any CPU
		{855F277B-1220-405E-8829-B44A3DE603B1}.Release|x86.Build.0 = Release|Any CPU
		{75B8DE3B-648F-499C-AB65-1AE8B203FCD5}.Debug|Any CPU.ActiveCfg = Debug|Any CPU
		{75B8DE3B-648F-499C-AB65-1AE8B203FCD5}.Debug|Any CPU.Build.0 = Debug|Any CPU
		{75B8DE3B-648F-499C-AB65-1AE8B203FCD5}.Debug|x64.ActiveCfg = Debug|Any CPU
		{75B8DE3B-648F-499C-AB65-1AE8B203FCD5}.Debug|x64.Build.0 = Debug|Any CPU
		{75B8DE3B-648F-499C-AB65-1AE8B203FCD5}.Debug|x86.ActiveCfg = Debug|Any CPU
		{75B8DE3B-648F-499C-AB65-1AE8B203FCD5}.Debug|x86.Build.0 = Debug|Any CPU
		{75B8DE3B-648F-499C-AB65-1AE8B203FCD5}.Release|Any CPU.ActiveCfg = Release|Any CPU
		{75B8DE3B-648F-499C-AB65-1AE8B203FCD5}.Release|Any CPU.Build.0 = Release|Any CPU
		{75B8DE3B-648F-499C-AB65-1AE8B203FCD5}.Release|x64.ActiveCfg = Release|Any CPU
		{75B8DE3B-648F-499C-AB65-1AE8B203FCD5}.Release|x64.Build.0 = Release|Any CPU
		{75B8DE3B-648F-499C-AB65-1AE8B203FCD5}.Release|x86.ActiveCfg = Release|Any CPU
		{75B8DE3B-648F-499C-AB65-1AE8B203FCD5}.Release|x86.Build.0 = Release|Any CPU
		{15AF3CED-1469-43E7-B51A-AA3C598CA3AA}.Debug|Any CPU.ActiveCfg = Debug|Any CPU
		{15AF3CED-1469-43E7-B51A-AA3C598CA3AA}.Debug|Any CPU.Build.0 = Debug|Any CPU
		{15AF3CED-1469-43E7-B51A-AA3C598CA3AA}.Debug|x64.ActiveCfg = Debug|Any CPU
		{15AF3CED-1469-43E7-B51A-AA3C598CA3AA}.Debug|x64.Build.0 = Debug|Any CPU
		{15AF3CED-1469-43E7-B51A-AA3C598CA3AA}.Debug|x86.ActiveCfg = Debug|Any CPU
		{15AF3CED-1469-43E7-B51A-AA3C598CA3AA}.Debug|x86.Build.0 = Debug|Any CPU
		{15AF3CED-1469-43E7-B51A-AA3C598CA3AA}.Release|Any CPU.ActiveCfg = Release|Any CPU
		{15AF3CED-1469-43E7-B51A-AA3C598CA3AA}.Release|Any CPU.Build.0 = Release|Any CPU
		{15AF3CED-1469-43E7-B51A-AA3C598CA3AA}.Release|x64.ActiveCfg = Release|Any CPU
		{15AF3CED-1469-43E7-B51A-AA3C598CA3AA}.Release|x64.Build.0 = Release|Any CPU
		{15AF3CED-1469-43E7-B51A-AA3C598CA3AA}.Release|x86.ActiveCfg = Release|Any CPU
		{15AF3CED-1469-43E7-B51A-AA3C598CA3AA}.Release|x86.Build.0 = Release|Any CPU
	EndGlobalSection
	GlobalSection(SolutionProperties) = preSolution
		HideSolutionNode = FALSE
	EndGlobalSection
	GlobalSection(NestedProjects) = preSolution
		{535FB87B-FD0D-49E0-A12B-CAF3303D4840} = {827E0CD3-B72D-47B6-A68D-7590B98EB39B}
		{8AE16E86-311F-4118-990D-176B8A6BBC70} = {0AB3BF05-4346-4AA6-1389-037BE0695223}
		{62E95E8A-E049-422D-BBDF-D9DEBBEBA7AF} = {0AB3BF05-4346-4AA6-1389-037BE0695223}
		{A130D61E-2C9F-4BED-85C9-485A3501C042} = {0AB3BF05-4346-4AA6-1389-037BE0695223}
		{F8E0610F-2385-479E-8E48-7F897B0F1B7A} = {827E0CD3-B72D-47B6-A68D-7590B98EB39B}
		{6E045CCE-453A-4BD3-94D8-45A6995969F8} = {827E0CD3-B72D-47B6-A68D-7590B98EB39B}
		{75B8DE3B-648F-499C-AB65-1AE8B203FCD5} = {6E045CCE-453A-4BD3-94D8-45A6995969F8}
		{855F277B-1220-405E-8829-B44A3DE603B1} = {6E045CCE-453A-4BD3-94D8-45A6995969F8}
		{15AF3CED-1469-43E7-B51A-AA3C598CA3AA} = {5D20AA90-6969-D8BD-9DCD-8634F4692FDA}
	EndGlobalSection
	GlobalSection(ExtensibilityGlobals) = postSolution
		SolutionGuid = {084CC652-0328-4BB8-9DEB-3FD2C8CCD1AA}
	EndGlobalSection
EndGlobal
